// !$*UTF8*$!
{
	archiveVersion = 1;
	classes = {
	};
	objectVersion = 46;
	objects = {

/* Begin PBXBuildFile section */
		6E05C0611D372E6F0062D0E5 /* main.m in Sources */ = {isa = PBXBuildFile; fileRef = 6E05C0601D372E6F0062D0E5 /* main.m */; };
		6E05C0641D372E6F0062D0E5 /* AppDelegate.m in Sources */ = {isa = PBXBuildFile; fileRef = 6E05C0631D372E6F0062D0E5 /* AppDelegate.m */; };
		6E05C06C1D372E6F0062D0E5 /* Assets.xcassets in Resources */ = {isa = PBXBuildFile; fileRef = 6E05C06B1D372E6F0062D0E5 /* Assets.xcassets */; };
		6E05C0791D372F900062D0E5 /* PlayerVC.m in Sources */ = {isa = PBXBuildFile; fileRef = 6E05C0771D372F900062D0E5 /* PlayerVC.m */; };
		6E05C07A1D372F900062D0E5 /* PlayerVC.xib in Resources */ = {isa = PBXBuildFile; fileRef = 6E05C0781D372F900062D0E5 /* PlayerVC.xib */; };
		6E05C0811D3735A50062D0E5 /* CFNetwork.framework in Frameworks */ = {isa = PBXBuildFile; fileRef = 6E05C0801D3735A50062D0E5 /* CFNetwork.framework */; };
		6E05C0831D3735AF0062D0E5 /* QuartzCore.framework in Frameworks */ = {isa = PBXBuildFile; fileRef = 6E05C0821D3735AF0062D0E5 /* QuartzCore.framework */; };
		6E05C0851D3735B80062D0E5 /* AudioToolbox.framework in Frameworks */ = {isa = PBXBuildFile; fileRef = 6E05C0841D3735B80062D0E5 /* AudioToolbox.framework */; };
		6E05C0871D3735C20062D0E5 /* MediaPlayer.framework in Frameworks */ = {isa = PBXBuildFile; fileRef = 6E05C0861D3735C20062D0E5 /* MediaPlayer.framework */; };
		6E05C08B1D3736620062D0E5 /* AudioStreamer.m in Sources */ = {isa = PBXBuildFile; fileRef = 6E05C08A1D3736620062D0E5 /* AudioStreamer.m */; };
		6E18ED6F1D3EE70400459BC2 /* Fabric.framework in Frameworks */ = {isa = PBXBuildFile; fileRef = 6E18ED6D1D3EE70400459BC2 /* Fabric.framework */; };
		6E18ED701D3EE70400459BC2 /* Crashlytics.framework in Frameworks */ = {isa = PBXBuildFile; fileRef = 6E18ED6E1D3EE70400459BC2 /* Crashlytics.framework */; };
		6E6F8C551D46609C0021C4A8 /* ScheduleTableViewCell.m in Sources */ = {isa = PBXBuildFile; fileRef = 6E6F8C531D46609C0021C4A8 /* ScheduleTableViewCell.m */; };
		6E6F8C561D46609C0021C4A8 /* ScheduleTableViewCell.xib in Resources */ = {isa = PBXBuildFile; fileRef = 6E6F8C541D46609C0021C4A8 /* ScheduleTableViewCell.xib */; };
		6E6F8C5A1D47DBA60021C4A8 /* SplashVC.m in Sources */ = {isa = PBXBuildFile; fileRef = 6E6F8C581D47DBA60021C4A8 /* SplashVC.m */; };
		6E6F8C5B1D47DBA60021C4A8 /* SplashVC.xib in Resources */ = {isa = PBXBuildFile; fileRef = 6E6F8C591D47DBA60021C4A8 /* SplashVC.xib */; };
		6E6F8C5F1D47DD6B0021C4A8 /* Controller.m in Sources */ = {isa = PBXBuildFile; fileRef = 6E6F8C5E1D47DD6B0021C4A8 /* Controller.m */; };
		6E6F8C631D47E1220021C4A8 /* RadioShow.m in Sources */ = {isa = PBXBuildFile; fileRef = 6E6F8C621D47E1220021C4A8 /* RadioShow.m */; };
/* End PBXBuildFile section */

/* Begin PBXFileReference section */
		6E05C05C1D372E6F0062D0E5 /* MisterPop.app */ = {isa = PBXFileReference; explicitFileType = wrapper.application; includeInIndex = 0; path = MisterPop.app; sourceTree = BUILT_PRODUCTS_DIR; };
		6E05C0601D372E6F0062D0E5 /* main.m */ = {isa = PBXFileReference; lastKnownFileType = sourcecode.c.objc; path = main.m; sourceTree = "<group>"; };
		6E05C0621D372E6F0062D0E5 /* AppDelegate.h */ = {isa = PBXFileReference; lastKnownFileType = sourcecode.c.h; path = AppDelegate.h; sourceTree = "<group>"; };
		6E05C0631D372E6F0062D0E5 /* AppDelegate.m */ = {isa = PBXFileReference; lastKnownFileType = sourcecode.c.objc; path = AppDelegate.m; sourceTree = "<group>"; };
		6E05C06B1D372E6F0062D0E5 /* Assets.xcassets */ = {isa = PBXFileReference; lastKnownFileType = folder.assetcatalog; path = Assets.xcassets; sourceTree = "<group>"; };
		6E05C0701D372E6F0062D0E5 /* Info.plist */ = {isa = PBXFileReference; lastKnownFileType = text.plist.xml; path = Info.plist; sourceTree = "<group>"; };
		6E05C0761D372F900062D0E5 /* PlayerVC.h */ = {isa = PBXFileReference; fileEncoding = 4; lastKnownFileType = sourcecode.c.h; path = PlayerVC.h; sourceTree = "<group>"; };
		6E05C0771D372F900062D0E5 /* PlayerVC.m */ = {isa = PBXFileReference; fileEncoding = 4; lastKnownFileType = sourcecode.c.objc; path = PlayerVC.m; sourceTree = "<group>"; };
		6E05C0781D372F900062D0E5 /* PlayerVC.xib */ = {isa = PBXFileReference; fileEncoding = 4; lastKnownFileType = file.xib; path = PlayerVC.xib; sourceTree = "<group>"; };
		6E05C07B1D37300D0062D0E5 /* common.h */ = {isa = PBXFileReference; fileEncoding = 4; lastKnownFileType = sourcecode.c.h; path = common.h; sourceTree = "<group>"; };
		6E05C07F1D3732780062D0E5 /* MisterPop-Prefix.pch */ = {isa = PBXFileReference; fileEncoding = 4; lastKnownFileType = sourcecode.c.h; path = "MisterPop-Prefix.pch"; sourceTree = SOURCE_ROOT; };
		6E05C0801D3735A50062D0E5 /* CFNetwork.framework */ = {isa = PBXFileReference; lastKnownFileType = wrapper.framework; name = CFNetwork.framework; path = System/Library/Frameworks/CFNetwork.framework; sourceTree = SDKROOT; };
		6E05C0821D3735AF0062D0E5 /* QuartzCore.framework */ = {isa = PBXFileReference; lastKnownFileType = wrapper.framework; name = QuartzCore.framework; path = System/Library/Frameworks/QuartzCore.framework; sourceTree = SDKROOT; };
		6E05C0841D3735B80062D0E5 /* AudioToolbox.framework */ = {isa = PBXFileReference; lastKnownFileType = wrapper.framework; name = AudioToolbox.framework; path = System/Library/Frameworks/AudioToolbox.framework; sourceTree = SDKROOT; };
		6E05C0861D3735C20062D0E5 /* MediaPlayer.framework */ = {isa = PBXFileReference; lastKnownFileType = wrapper.framework; name = MediaPlayer.framework; path = System/Library/Frameworks/MediaPlayer.framework; sourceTree = SDKROOT; };
		6E05C0891D3736620062D0E5 /* AudioStreamer.h */ = {isa = PBXFileReference; fileEncoding = 4; lastKnownFileType = sourcecode.c.h; path = AudioStreamer.h; sourceTree = "<group>"; };
		6E05C08A1D3736620062D0E5 /* AudioStreamer.m */ = {isa = PBXFileReference; fileEncoding = 4; lastKnownFileType = sourcecode.c.objc; path = AudioStreamer.m; sourceTree = "<group>"; };
		6E18ED6D1D3EE70400459BC2 /* Fabric.framework */ = {isa = PBXFileReference; lastKnownFileType = wrapper.framework; path = Fabric.framework; sourceTree = SOURCE_ROOT; };
		6E18ED6E1D3EE70400459BC2 /* Crashlytics.framework */ = {isa = PBXFileReference; lastKnownFileType = wrapper.framework; path = Crashlytics.framework; sourceTree = SOURCE_ROOT; };
		6E6F8C521D46609C0021C4A8 /* ScheduleTableViewCell.h */ = {isa = PBXFileReference; fileEncoding = 4; lastKnownFileType = sourcecode.c.h; path = ScheduleTableViewCell.h; sourceTree = "<group>"; };
		6E6F8C531D46609C0021C4A8 /* ScheduleTableViewCell.m */ = {isa = PBXFileReference; fileEncoding = 4; lastKnownFileType = sourcecode.c.objc; path = ScheduleTableViewCell.m; sourceTree = "<group>"; };
		6E6F8C541D46609C0021C4A8 /* ScheduleTableViewCell.xib */ = {isa = PBXFileReference; fileEncoding = 4; lastKnownFileType = file.xib; path = ScheduleTableViewCell.xib; sourceTree = "<group>"; };
		6E6F8C571D47DBA60021C4A8 /* SplashVC.h */ = {isa = PBXFileReference; fileEncoding = 4; lastKnownFileType = sourcecode.c.h; path = SplashVC.h; sourceTree = "<group>"; };
		6E6F8C581D47DBA60021C4A8 /* SplashVC.m */ = {isa = PBXFileReference; fileEncoding = 4; lastKnownFileType = sourcecode.c.objc; path = SplashVC.m; sourceTree = "<group>"; };
		6E6F8C591D47DBA60021C4A8 /* SplashVC.xib */ = {isa = PBXFileReference; fileEncoding = 4; lastKnownFileType = file.xib; path = SplashVC.xib; sourceTree = "<group>"; };
		6E6F8C5D1D47DD6B0021C4A8 /* Controller.h */ = {isa = PBXFileReference; fileEncoding = 4; lastKnownFileType = sourcecode.c.h; path = Controller.h; sourceTree = "<group>"; };
		6E6F8C5E1D47DD6B0021C4A8 /* Controller.m */ = {isa = PBXFileReference; fileEncoding = 4; lastKnownFileType = sourcecode.c.objc; path = Controller.m; sourceTree = "<group>"; };
		6E6F8C611D47E1220021C4A8 /* RadioShow.h */ = {isa = PBXFileReference; fileEncoding = 4; lastKnownFileType = sourcecode.c.h; path = RadioShow.h; sourceTree = "<group>"; };
		6E6F8C621D47E1220021C4A8 /* RadioShow.m */ = {isa = PBXFileReference; fileEncoding = 4; lastKnownFileType = sourcecode.c.objc; path = RadioShow.m; sourceTree = "<group>"; };
/* End PBXFileReference section */

/* Begin PBXFrameworksBuildPhase section */
		6E05C0591D372E6F0062D0E5 /* Frameworks */ = {
			isa = PBXFrameworksBuildPhase;
			buildActionMask = 2147483647;
			files = (
				6E05C0871D3735C20062D0E5 /* MediaPlayer.framework in Frameworks */,
				6E18ED6F1D3EE70400459BC2 /* Fabric.framework in Frameworks */,
				6E05C0851D3735B80062D0E5 /* AudioToolbox.framework in Frameworks */,
				6E05C0831D3735AF0062D0E5 /* QuartzCore.framework in Frameworks */,
				6E18ED701D3EE70400459BC2 /* Crashlytics.framework in Frameworks */,
				6E05C0811D3735A50062D0E5 /* CFNetwork.framework in Frameworks */,
			);
			runOnlyForDeploymentPostprocessing = 0;
		};
/* End PBXFrameworksBuildPhase section */

/* Begin PBXGroup section */
		6E05C0531D372E6F0062D0E5 = {
			isa = PBXGroup;
			children = (
				6E05C05E1D372E6F0062D0E5 /* MisterPop */,
				6E05C05D1D372E6F0062D0E5 /* Products */,
			);
			sourceTree = "<group>";
		};
		6E05C05D1D372E6F0062D0E5 /* Products */ = {
			isa = PBXGroup;
			children = (
				6E05C05C1D372E6F0062D0E5 /* MisterPop.app */,
			);
			name = Products;
			sourceTree = "<group>";
		};
		6E05C05E1D372E6F0062D0E5 /* MisterPop */ = {
			isa = PBXGroup;
			children = (
				6E6F8C601D47E0ED0021C4A8 /* model */,
				6E6F8C5C1D47DD510021C4A8 /* controller */,
				6E05C07C1D3730200062D0E5 /* util */,
				6E05C07D1D37302B0062D0E5 /* player */,
				6E05C0621D372E6F0062D0E5 /* AppDelegate.h */,
				6E05C0631D372E6F0062D0E5 /* AppDelegate.m */,
				6E05C06B1D372E6F0062D0E5 /* Assets.xcassets */,
				6E05C05F1D372E6F0062D0E5 /* Supporting Files */,
				6E05C0881D3735D60062D0E5 /* Frameworks */,
			);
			path = MisterPop;
			sourceTree = "<group>";
		};
		6E05C05F1D372E6F0062D0E5 /* Supporting Files */ = {
			isa = PBXGroup;
			children = (
				6E05C07F1D3732780062D0E5 /* MisterPop-Prefix.pch */,
				6E05C0701D372E6F0062D0E5 /* Info.plist */,
				6E05C0601D372E6F0062D0E5 /* main.m */,
			);
			name = "Supporting Files";
			sourceTree = "<group>";
		};
		6E05C07C1D3730200062D0E5 /* util */ = {
			isa = PBXGroup;
			children = (
				6E05C0891D3736620062D0E5 /* AudioStreamer.h */,
				6E05C08A1D3736620062D0E5 /* AudioStreamer.m */,
				6E05C07B1D37300D0062D0E5 /* common.h */,
			);
			name = util;
			sourceTree = "<group>";
		};
		6E05C07D1D37302B0062D0E5 /* player */ = {
			isa = PBXGroup;
			children = (
				6E05C0761D372F900062D0E5 /* PlayerVC.h */,
				6E05C0771D372F900062D0E5 /* PlayerVC.m */,
				6E05C0781D372F900062D0E5 /* PlayerVC.xib */,
				6E6F8C521D46609C0021C4A8 /* ScheduleTableViewCell.h */,
				6E6F8C531D46609C0021C4A8 /* ScheduleTableViewCell.m */,
				6E6F8C541D46609C0021C4A8 /* ScheduleTableViewCell.xib */,
				6E6F8C571D47DBA60021C4A8 /* SplashVC.h */,
				6E6F8C581D47DBA60021C4A8 /* SplashVC.m */,
				6E6F8C591D47DBA60021C4A8 /* SplashVC.xib */,
			);
			name = player;
			sourceTree = "<group>";
		};
		6E05C0881D3735D60062D0E5 /* Frameworks */ = {
			isa = PBXGroup;
			children = (
				6E18ED6D1D3EE70400459BC2 /* Fabric.framework */,
				6E18ED6E1D3EE70400459BC2 /* Crashlytics.framework */,
				6E05C0861D3735C20062D0E5 /* MediaPlayer.framework */,
				6E05C0841D3735B80062D0E5 /* AudioToolbox.framework */,
				6E05C0821D3735AF0062D0E5 /* QuartzCore.framework */,
				6E05C0801D3735A50062D0E5 /* CFNetwork.framework */,
			);
			name = Frameworks;
			sourceTree = "<group>";
		};
		6E6F8C5C1D47DD510021C4A8 /* controller */ = {
			isa = PBXGroup;
			children = (
				6E6F8C5D1D47DD6B0021C4A8 /* Controller.h */,
				6E6F8C5E1D47DD6B0021C4A8 /* Controller.m */,
			);
			name = controller;
			sourceTree = "<group>";
		};
		6E6F8C601D47E0ED0021C4A8 /* model */ = {
			isa = PBXGroup;
			children = (
				6E6F8C611D47E1220021C4A8 /* RadioShow.h */,
				6E6F8C621D47E1220021C4A8 /* RadioShow.m */,
			);
			name = model;
			sourceTree = "<group>";
		};
/* End PBXGroup section */

/* Begin PBXNativeTarget section */
		6E05C05B1D372E6F0062D0E5 /* MisterPop */ = {
			isa = PBXNativeTarget;
			buildConfigurationList = 6E05C0731D372E6F0062D0E5 /* Build configuration list for PBXNativeTarget "MisterPop" */;
			buildPhases = (
				6E05C0581D372E6F0062D0E5 /* Sources */,
				6E05C0591D372E6F0062D0E5 /* Frameworks */,
				6E05C05A1D372E6F0062D0E5 /* Resources */,
				6E18ED6C1D3EE6B800459BC2 /* ShellScript */,
			);
			buildRules = (
			);
			dependencies = (
			);
			name = MisterPop;
			productName = MisterPop;
			productReference = 6E05C05C1D372E6F0062D0E5 /* MisterPop.app */;
			productType = "com.apple.product-type.application";
		};
/* End PBXNativeTarget section */

/* Begin PBXProject section */
		6E05C0541D372E6F0062D0E5 /* Project object */ = {
			isa = PBXProject;
			attributes = {
				LastUpgradeCheck = 0730;
				ORGANIZATIONNAME = MisterPop;
				TargetAttributes = {
					6E05C05B1D372E6F0062D0E5 = {
						CreatedOnToolsVersion = 7.3.1;
						DevelopmentTeam = G9G85M8U9S;
						SystemCapabilities = {
							com.apple.BackgroundModes = {
								enabled = 1;
							};
						};
					};
				};
			};
			buildConfigurationList = 6E05C0571D372E6F0062D0E5 /* Build configuration list for PBXProject "MisterPop" */;
			compatibilityVersion = "Xcode 3.2";
			developmentRegion = English;
			hasScannedForEncodings = 0;
			knownRegions = (
				en,
				Base,
			);
			mainGroup = 6E05C0531D372E6F0062D0E5;
			productRefGroup = 6E05C05D1D372E6F0062D0E5 /* Products */;
			projectDirPath = "";
			projectRoot = "";
			targets = (
				6E05C05B1D372E6F0062D0E5 /* MisterPop */,
			);
		};
/* End PBXProject section */

/* Begin PBXResourcesBuildPhase section */
		6E05C05A1D372E6F0062D0E5 /* Resources */ = {
			isa = PBXResourcesBuildPhase;
			buildActionMask = 2147483647;
			files = (
				6E05C06C1D372E6F0062D0E5 /* Assets.xcassets in Resources */,
				6E6F8C5B1D47DBA60021C4A8 /* SplashVC.xib in Resources */,
				6E6F8C561D46609C0021C4A8 /* ScheduleTableViewCell.xib in Resources */,
				6E05C07A1D372F900062D0E5 /* PlayerVC.xib in Resources */,
			);
			runOnlyForDeploymentPostprocessing = 0;
		};
/* End PBXResourcesBuildPhase section */

/* Begin PBXShellScriptBuildPhase section */
		6E18ED6C1D3EE6B800459BC2 /* ShellScript */ = {
			isa = PBXShellScriptBuildPhase;
			buildActionMask = 2147483647;
			files = (
			);
			inputPaths = (
			);
			outputPaths = (
			);
			runOnlyForDeploymentPostprocessing = 0;
			shellPath = /bin/sh;
			shellScript = "./Fabric.framework/run 6619f70057bc04eac9c53187f5ae7c87c50443d0 9300b76cb2a36c606d750bb0d2b86017f234843940bb8f61f63d58937a28bed8";
		};
/* End PBXShellScriptBuildPhase section */

/* Begin PBXSourcesBuildPhase section */
		6E05C0581D372E6F0062D0E5 /* Sources */ = {
			isa = PBXSourcesBuildPhase;
			buildActionMask = 2147483647;
			files = (
				6E05C0641D372E6F0062D0E5 /* AppDelegate.m in Sources */,
				6E6F8C5A1D47DBA60021C4A8 /* SplashVC.m in Sources */,
				6E05C0611D372E6F0062D0E5 /* main.m in Sources */,
				6E6F8C551D46609C0021C4A8 /* ScheduleTableViewCell.m in Sources */,
				6E05C0791D372F900062D0E5 /* PlayerVC.m in Sources */,
				6E6F8C5F1D47DD6B0021C4A8 /* Controller.m in Sources */,
				6E6F8C631D47E1220021C4A8 /* RadioShow.m in Sources */,
				6E05C08B1D3736620062D0E5 /* AudioStreamer.m in Sources */,
			);
			runOnlyForDeploymentPostprocessing = 0;
		};
/* End PBXSourcesBuildPhase section */

/* Begin XCBuildConfiguration section */
		6E05C0711D372E6F0062D0E5 /* Debug */ = {
			isa = XCBuildConfiguration;
			buildSettings = {
				ALWAYS_SEARCH_USER_PATHS = NO;
				CLANG_ANALYZER_NONNULL = YES;
				CLANG_CXX_LANGUAGE_STANDARD = "gnu++0x";
				CLANG_CXX_LIBRARY = "libc++";
				CLANG_ENABLE_MODULES = YES;
				CLANG_ENABLE_OBJC_ARC = NO;
				CLANG_WARN_BOOL_CONVERSION = YES;
				CLANG_WARN_CONSTANT_CONVERSION = YES;
				CLANG_WARN_DIRECT_OBJC_ISA_USAGE = YES_ERROR;
				CLANG_WARN_EMPTY_BODY = YES;
				CLANG_WARN_ENUM_CONVERSION = YES;
				CLANG_WARN_INT_CONVERSION = YES;
				CLANG_WARN_OBJC_ROOT_CLASS = YES_ERROR;
				CLANG_WARN_UNREACHABLE_CODE = YES;
				CLANG_WARN__DUPLICATE_METHOD_MATCH = YES;
				CODE_SIGN_IDENTITY = "iPhone Distribution: Emanuel Ferreyra (G9G85M8U9S)";
				"CODE_SIGN_IDENTITY[sdk=iphoneos*]" = "iPhone Distribution: Emanuel Ferreyra (G9G85M8U9S)";
				COPY_PHASE_STRIP = NO;
				DEBUG_INFORMATION_FORMAT = dwarf;
				ENABLE_STRICT_OBJC_MSGSEND = YES;
				ENABLE_TESTABILITY = YES;
				GCC_C_LANGUAGE_STANDARD = gnu99;
				GCC_DYNAMIC_NO_PIC = NO;
				GCC_NO_COMMON_BLOCKS = YES;
				GCC_OPTIMIZATION_LEVEL = 0;
				GCC_PREPROCESSOR_DEFINITIONS = (
					"DEBUG=1",
					"$(inherited)",
				);
				GCC_WARN_64_TO_32_BIT_CONVERSION = YES;
				GCC_WARN_ABOUT_RETURN_TYPE = YES_ERROR;
				GCC_WARN_UNDECLARED_SELECTOR = YES;
				GCC_WARN_UNINITIALIZED_AUTOS = YES_AGGRESSIVE;
				GCC_WARN_UNUSED_FUNCTION = YES;
				GCC_WARN_UNUSED_VARIABLE = YES;
				IPHONEOS_DEPLOYMENT_TARGET = 9.3;
				MTL_ENABLE_DEBUG_INFO = YES;
				ONLY_ACTIVE_ARCH = YES;
				SDKROOT = iphoneos;
			};
			name = Debug;
		};
		6E05C0721D372E6F0062D0E5 /* Release */ = {
			isa = XCBuildConfiguration;
			buildSettings = {
				ALWAYS_SEARCH_USER_PATHS = NO;
				CLANG_ANALYZER_NONNULL = YES;
				CLANG_CXX_LANGUAGE_STANDARD = "gnu++0x";
				CLANG_CXX_LIBRARY = "libc++";
				CLANG_ENABLE_MODULES = YES;
				CLANG_ENABLE_OBJC_ARC = NO;
				CLANG_WARN_BOOL_CONVERSION = YES;
				CLANG_WARN_CONSTANT_CONVERSION = YES;
				CLANG_WARN_DIRECT_OBJC_ISA_USAGE = YES_ERROR;
				CLANG_WARN_EMPTY_BODY = YES;
				CLANG_WARN_ENUM_CONVERSION = YES;
				CLANG_WARN_INT_CONVERSION = YES;
				CLANG_WARN_OBJC_ROOT_CLASS = YES_ERROR;
				CLANG_WARN_UNREACHABLE_CODE = YES;
				CLANG_WARN__DUPLICATE_METHOD_MATCH = YES;
				CODE_SIGN_IDENTITY = "iPhone Distribution: Emanuel Ferreyra (G9G85M8U9S)";
				"CODE_SIGN_IDENTITY[sdk=iphoneos*]" = "iPhone Distribution: Emanuel Ferreyra (G9G85M8U9S)";
				COPY_PHASE_STRIP = NO;
				DEBUG_INFORMATION_FORMAT = "dwarf-with-dsym";
				ENABLE_NS_ASSERTIONS = NO;
				ENABLE_STRICT_OBJC_MSGSEND = YES;
				GCC_C_LANGUAGE_STANDARD = gnu99;
				GCC_NO_COMMON_BLOCKS = YES;
				GCC_WARN_64_TO_32_BIT_CONVERSION = YES;
				GCC_WARN_ABOUT_RETURN_TYPE = YES_ERROR;
				GCC_WARN_UNDECLARED_SELECTOR = YES;
				GCC_WARN_UNINITIALIZED_AUTOS = YES_AGGRESSIVE;
				GCC_WARN_UNUSED_FUNCTION = YES;
				GCC_WARN_UNUSED_VARIABLE = YES;
				IPHONEOS_DEPLOYMENT_TARGET = 9.3;
				MTL_ENABLE_DEBUG_INFO = NO;
				SDKROOT = iphoneos;
				VALIDATE_PRODUCT = YES;
			};
			name = Release;
		};
		6E05C0741D372E6F0062D0E5 /* Debug */ = {
			isa = XCBuildConfiguration;
			buildSettings = {
				ASSETCATALOG_COMPILER_APPICON_NAME = AppIcon;
				CODE_SIGN_IDENTITY = "iPhone Distribution: Emanuel Ferreyra (G9G85M8U9S)";
				FRAMEWORK_SEARCH_PATHS = (
					"$(inherited)",
					"$(PROJECT_DIR)",
				);
				GCC_PREFIX_HEADER = "$(SRCROOT)/MisterPop-Prefix.pch";
				INFOPLIST_FILE = MisterPop/Info.plist;
				LD_RUNPATH_SEARCH_PATHS = "$(inherited) @executable_path/Frameworks";
				PRODUCT_BUNDLE_IDENTIFIER = com.misterpop.MisterPop;
				PRODUCT_NAME = "$(TARGET_NAME)";
			};
			name = Debug;
		};
		6E05C0751D372E6F0062D0E5 /* Release */ = {
			isa = XCBuildConfiguration;
			buildSettings = {
				ASSETCATALOG_COMPILER_APPICON_NAME = AppIcon;
				CODE_SIGN_IDENTITY = "iPhone Distribution: Emanuel Ferreyra (G9G85M8U9S)";
				FRAMEWORK_SEARCH_PATHS = (
					"$(inherited)",
					"$(PROJECT_DIR)",
				);
				GCC_PREFIX_HEADER = "$(SRCROOT)/MisterPop-Prefix.pch";
				INFOPLIST_FILE = MisterPop/Info.plist;
				LD_RUNPATH_SEARCH_PATHS = "$(inherited) @executable_path/Frameworks";
				PRODUCT_BUNDLE_IDENTIFIER = com.misterpop.MisterPop;
				PRODUCT_NAME = "$(TARGET_NAME)";
			};
			name = Release;
		};
/* End XCBuildConfiguration section */

/* Begin XCConfigurationList section */
		6E05C0571D372E6F0062D0E5 /* Build configuration list for PBXProject "MisterPop" */ = {
			isa = XCConfigurationList;
			buildConfigurations = (
				6E05C0711D372E6F0062D0E5 /* Debug */,
				6E05C0721D372E6F0062D0E5 /* Release */,
			);
			defaultConfigurationIsVisible = 0;
			defaultConfigurationName = Release;
		};
		6E05C0731D372E6F0062D0E5 /* Build configuration list for PBXNativeTarget "MisterPop" */ = {
			isa = XCConfigurationList;
			buildConfigurations = (
				6E05C0741D372E6F0062D0E5 /* Debug */,
				6E05C0751D372E6F0062D0E5 /* Release */,
			);
			defaultConfigurationIsVisible = 0;
			defaultConfigurationName = Release;
		};
/* End XCConfigurationList section */
	};
	rootObject = 6E05C0541D372E6F0062D0E5 /* Project object */;
}
